
Microsoft Visual Studio Solution File, Format Version 12.00
# Visual Studio Version 17
VisualStudioVersion = 17.2.32630.192
MinimumVisualStudioVersion = 10.0.40219.1
Project("{FAE04EC0-301F-11D3-BF4B-00C04F79EFBC}") = "ETicaretAPI", "ETicaretAPI\ETicaretAPI.csproj", "{476AABDC-CF95-43C3-8F49-959689321DC3}"
EndProject
Global
	GlobalSection(SolutionConfigurationPlatforms) = preSolution
		Debug|Any CPU = Debug|Any CPU
		Release|Any CPU = Release|Any CPU
	EndGlobalSection
	GlobalSection(ProjectConfigurationPlatforms) = postSolution
		{476AABDC-CF95-43C3-8F49-959689321DC3}.Debug|Any CPU.ActiveCfg = Debug|Any CPU
		{476AABDC-CF95-43C3-8F49-959689321DC3}.Debug|Any CPU.Build.0 = Debug|Any CPU
		{476AABDC-CF95-43C3-8F49-959689321DC3}.Release|Any CPU.ActiveCfg = Release|Any CPU
		{476AABDC-CF95-43C3-8F49-959689321DC3}.Release|Any CPU.Build.0 = Release|Any CPU
	EndGlobalSection
	GlobalSection(SolutionProperties) = preSolution
		HideSolutionNode = FALSE
	EndGlobalSection
	GlobalSection(ExtensibilityGlobals) = postSolution
		SolutionGuid = {81D9E8F2-715C-40CC-9D41-4FE918A03394}
	EndGlobalSection
EndGlobal
